
Microsoft Visual Studio Solution File, Format Version 12.00
# Visual Studio 2012
Project("{FAE04EC0-301F-11D3-BF4B-00C04F79EFBC}") = "Untappd.Api", "Untappd.Client\Untappd.Api.csproj", "{8924017E-2724-4315-AF6D-61A55EAC2FF6}"
EndProject
Project("{FAE04EC0-301F-11D3-BF4B-00C04F79EFBC}") = "Untappd.Api.Tests.Integration", "Untappd.Api.Tests.Integration\Untappd.Api.Tests.Integration.csproj", "{C3A69AC5-39D0-42E6-ABD8-57CBA869B956}"
EndProject
Global
	GlobalSection(SolutionConfigurationPlatforms) = preSolution
		Debug|Any CPU = Debug|Any CPU
		Release|Any CPU = Release|Any CPU
	EndGlobalSection
	GlobalSection(ProjectConfigurationPlatforms) = postSolution
		{8924017E-2724-4315-AF6D-61A55EAC2FF6}.Debug|Any CPU.ActiveCfg = Debug|Any CPU
		{8924017E-2724-4315-AF6D-61A55EAC2FF6}.Debug|Any CPU.Build.0 = Debug|Any CPU
		{8924017E-2724-4315-AF6D-61A55EAC2FF6}.Release|Any CPU.ActiveCfg = Release|Any CPU
		{8924017E-2724-4315-AF6D-61A55EAC2FF6}.Release|Any CPU.Build.0 = Release|Any CPU
		{C3A69AC5-39D0-42E6-ABD8-57CBA869B956}.Debug|Any CPU.ActiveCfg = Debug|Any CPU
		{C3A69AC5-39D0-42E6-ABD8-57CBA869B956}.Debug|Any CPU.Build.0 = Debug|Any CPU
		{C3A69AC5-39D0-42E6-ABD8-57CBA869B956}.Release|Any CPU.ActiveCfg = Release|Any CPU
		{C3A69AC5-39D0-42E6-ABD8-57CBA869B956}.Release|Any CPU.Build.0 = Release|Any CPU
	EndGlobalSection
	GlobalSection(SolutionProperties) = preSolution
		HideSolutionNode = FALSE
	EndGlobalSection
EndGlobal
